// !$*UTF8*$!
{
	archiveVersion = 1;
	classes = {
	};
	objectVersion = 48;
	objects = {

/* Begin PBXBuildFile section */
		CD28D00C1F9E1F3C00C7BC8E /* AppDelegate.swift in Sources */ = {isa = PBXBuildFile; fileRef = CD28D00B1F9E1F3C00C7BC8E /* AppDelegate.swift */; };
		CD28D00E1F9E1F3C00C7BC8E /* ViewController.swift in Sources */ = {isa = PBXBuildFile; fileRef = CD28D00D1F9E1F3C00C7BC8E /* ViewController.swift */; };
		CD28D0111F9E1F3C00C7BC8E /* Main.storyboard in Resources */ = {isa = PBXBuildFile; fileRef = CD28D00F1F9E1F3C00C7BC8E /* Main.storyboard */; };
		CD28D0131F9E1F3C00C7BC8E /* Assets.xcassets in Resources */ = {isa = PBXBuildFile; fileRef = CD28D0121F9E1F3C00C7BC8E /* Assets.xcassets */; };
		CD28D0161F9E1F3C00C7BC8E /* LaunchScreen.storyboard in Resources */ = {isa = PBXBuildFile; fileRef = CD28D0141F9E1F3C00C7BC8E /* LaunchScreen.storyboard */; };
		CD28D01E1F9E23FA00C7BC8E /* Money.swift in Sources */ = {isa = PBXBuildFile; fileRef = CD28D01D1F9E23FA00C7BC8E /* Money.swift */; };
/* End PBXBuildFile section */

/* Begin PBXFileReference section */
		CD28D0081F9E1F3C00C7BC8E /* MoneyConverter.app */ = {isa = PBXFileReference; explicitFileType = wrapper.application; includeInIndex = 0; path = MoneyConverter.app; sourceTree = BUILT_PRODUCTS_DIR; };
		CD28D00B1F9E1F3C00C7BC8E /* AppDelegate.swift */ = {isa = PBXFileReference; lastKnownFileType = sourcecode.swift; path = AppDelegate.swift; sourceTree = "<group>"; };
		CD28D00D1F9E1F3C00C7BC8E /* ViewController.swift */ = {isa = PBXFileReference; lastKnownFileType = sourcecode.swift; path = ViewController.swift; sourceTree = "<group>"; };
		CD28D0101F9E1F3C00C7BC8E /* Base */ = {isa = PBXFileReference; lastKnownFileType = file.storyboard; name = Base; path = Base.lproj/Main.storyboard; sourceTree = "<group>"; };
		CD28D0121F9E1F3C00C7BC8E /* Assets.xcassets */ = {isa = PBXFileReference; lastKnownFileType = folder.assetcatalog; path = Assets.xcassets; sourceTree = "<group>"; };
		CD28D0151F9E1F3C00C7BC8E /* Base */ = {isa = PBXFileReference; lastKnownFileType = file.storyboard; name = Base; path = Base.lproj/LaunchScreen.storyboard; sourceTree = "<group>"; };
		CD28D0171F9E1F3C00C7BC8E /* Info.plist */ = {isa = PBXFileReference; lastKnownFileType = text.plist.xml; path = Info.plist; sourceTree = "<group>"; };
		CD28D01D1F9E23FA00C7BC8E /* Money.swift */ = {isa = PBXFileReference; lastKnownFileType = sourcecode.swift; path = Money.swift; sourceTree = "<group>"; };
/* End PBXFileReference section */

/* Begin PBXFrameworksBuildPhase section */
		CD28D0051F9E1F3C00C7BC8E /* Frameworks */ = {
			isa = PBXFrameworksBuildPhase;
			buildActionMask = 2147483647;
			files = (
			);
			runOnlyForDeploymentPostprocessing = 0;
		};
/* End PBXFrameworksBuildPhase section */

/* Begin PBXGroup section */
		CD28CFFF1F9E1F3C00C7BC8E = {
			isa = PBXGroup;
			children = (
				CD28D00A1F9E1F3C00C7BC8E /* MoneyConverter */,
				CD28D0091F9E1F3C00C7BC8E /* Products */,
			);
			sourceTree = "<group>";
		};
		CD28D0091F9E1F3C00C7BC8E /* Products */ = {
			isa = PBXGroup;
			children = (
				CD28D0081F9E1F3C00C7BC8E /* MoneyConverter.app */,
			);
			name = Products;
			sourceTree = "<group>";
		};
		CD28D00A1F9E1F3C00C7BC8E /* MoneyConverter */ = {
			isa = PBXGroup;
			children = (
				CD28D00B1F9E1F3C00C7BC8E /* AppDelegate.swift */,
				CD28D00D1F9E1F3C00C7BC8E /* ViewController.swift */,
				CD28D01D1F9E23FA00C7BC8E /* Money.swift */,
				CD28D00F1F9E1F3C00C7BC8E /* Main.storyboard */,
				CD28D0121F9E1F3C00C7BC8E /* Assets.xcassets */,
				CD28D0141F9E1F3C00C7BC8E /* LaunchScreen.storyboard */,
				CD28D0171F9E1F3C00C7BC8E /* Info.plist */,
			);
			path = MoneyConverter;
			sourceTree = "<group>";
		};
/* End PBXGroup section */

/* Begin PBXNativeTarget section */
		CD28D0071F9E1F3C00C7BC8E /* MoneyConverter */ = {
			isa = PBXNativeTarget;
			buildConfigurationList = CD28D01A1F9E1F3C00C7BC8E /* Build configuration list for PBXNativeTarget "MoneyConverter" */;
			buildPhases = (
				CD28D0041F9E1F3C00C7BC8E /* Sources */,
				CD28D0051F9E1F3C00C7BC8E /* Frameworks */,
				CD28D0061F9E1F3C00C7BC8E /* Resources */,
			);
			buildRules = (
			);
			dependencies = (
			);
			name = MoneyConverter;
			productName = MoneyConverter;
			productReference = CD28D0081F9E1F3C00C7BC8E /* MoneyConverter.app */;
			productType = "com.apple.product-type.application";
		};
/* End PBXNativeTarget section */

/* Begin PBXProject section */
		CD28D0001F9E1F3C00C7BC8E /* Project object */ = {
			isa = PBXProject;
			attributes = {
				LastSwiftUpdateCheck = 0900;
				LastUpgradeCheck = 0900;
				ORGANIZATIONNAME = Segaon_PC;
				TargetAttributes = {
					CD28D0071F9E1F3C00C7BC8E = {
						CreatedOnToolsVersion = 9.0.1;
						ProvisioningStyle = Automatic;
					};
				};
			};
			buildConfigurationList = CD28D0031F9E1F3C00C7BC8E /* Build configuration list for PBXProject "MoneyConverter" */;
			compatibilityVersion = "Xcode 8.0";
			developmentRegion = en;
			hasScannedForEncodings = 0;
			knownRegions = (
				en,
				Base,
			);
			mainGroup = CD28CFFF1F9E1F3C00C7BC8E;
			productRefGroup = CD28D0091F9E1F3C00C7BC8E /* Products */;
			projectDirPath = "";
			projectRoot = "";
			targets = (
				CD28D0071F9E1F3C00C7BC8E /* MoneyConverter */,
			);
		};
/* End PBXProject section */

/* Begin PBXResourcesBuildPhase section */
		CD28D0061F9E1F3C00C7BC8E /* Resources */ = {
			isa = PBXResourcesBuildPhase;
			buildActionMask = 2147483647;
			files = (
				CD28D0161F9E1F3C00C7BC8E /* LaunchScreen.storyboard in Resources */,
				CD28D0131F9E1F3C00C7BC8E /* Assets.xcassets in Resources */,
				CD28D0111F9E1F3C00C7BC8E /* Main.storyboard in Resources */,
			);
			runOnlyForDeploymentPostprocessing = 0;
		};
/* End PBXResourcesBuildPhase section */

/* Begin PBXSourcesBuildPhase section */
		CD28D0041F9E1F3C00C7BC8E /* Sources */ = {
			isa = PBXSourcesBuildPhase;
			buildActionMask = 2147483647;
			files = (
				CD28D01E1F9E23FA00C7BC8E /* Money.swift in Sources */,
				CD28D00E1F9E1F3C00C7BC8E /* ViewController.swift in Sources */,
				CD28D00C1F9E1F3C00C7BC8E /* AppDelegate.swift in Sources */,
			);
			runOnlyForDeploymentPostprocessing = 0;
		};
/* End PBXSourcesBuildPhase section */

/* Begin PBXVariantGroup section */
		CD28D00F1F9E1F3C00C7BC8E /* Main.storyboard */ = {
			isa = PBXVariantGroup;
			children = (
				CD28D0101F9E1F3C00C7BC8E /* Base */,
			);
			name = Main.storyboard;
			sourceTree = "<group>";
		};
		CD28D0141F9E1F3C00C7BC8E /* LaunchScreen.storyboard */ = {
			isa = PBXVariantGroup;
			children = (
				CD28D0151F9E1F3C00C7BC8E /* Base */,
			);
			name = LaunchScreen.storyboard;
			sourceTree = "<group>";
		};
/* End PBXVariantGroup section */

/* Begin XCBuildConfiguration section */
		CD28D0181F9E1F3C00C7BC8E /* Debug */ = {
			isa = XCBuildConfiguration;
			buildSettings = {
				ALWAYS_SEARCH_USER_PATHS = NO;
				CLANG_ANALYZER_NONNULL = YES;
				CLANG_ANALYZER_NUMBER_OBJECT_CONVERSION = YES_AGGRESSIVE;
				CLANG_CXX_LANGUAGE_STANDARD = "gnu++14";
				CLANG_CXX_LIBRARY = "libc++";
				CLANG_ENABLE_MODULES = YES;
				CLANG_ENABLE_OBJC_ARC = YES;
				CLANG_WARN_BLOCK_CAPTURE_AUTORELEASING = YES;
				CLANG_WARN_BOOL_CONVERSION = YES;
				CLANG_WARN_COMMA = YES;
				CLANG_WARN_CONSTANT_CONVERSION = YES;
				CLANG_WARN_DIRECT_OBJC_ISA_USAGE = YES_ERROR;
				CLANG_WARN_DOCUMENTATION_COMMENTS = YES;
				CLANG_WARN_EMPTY_BODY = YES;
				CLANG_WARN_ENUM_CONVERSION = YES;
				CLANG_WARN_INFINITE_RECURSION = YES;
				CLANG_WARN_INT_CONVERSION = YES;
				CLANG_WARN_NON_LITERAL_NULL_CONVERSION = YES;
				CLANG_WARN_OBJC_LITERAL_CONVERSION = YES;
				CLANG_WARN_OBJC_ROOT_CLASS = YES_ERROR;
				CLANG_WARN_RANGE_LOOP_ANALYSIS = YES;
				CLANG_WARN_STRICT_PROTOTYPES = YES;
				CLANG_WARN_SUSPICIOUS_MOVE = YES;
				CLANG_WARN_UNGUARDED_AVAILABILITY = YES_AGGRESSIVE;
				CLANG_WARN_UNREACHABLE_CODE = YES;
				CLANG_WARN__DUPLICATE_METHOD_MATCH = YES;
				CODE_SIGN_IDENTITY = "iPhone Developer";
				COPY_PHASE_STRIP = NO;
				DEBUG_INFORMATION_FORMAT = dwarf;
				ENABLE_STRICT_OBJC_MSGSEND = YES;
				ENABLE_TESTABILITY = YES;
				GCC_C_LANGUAGE_STANDARD = gnu11;
				GCC_DYNAMIC_NO_PIC = NO;
				GCC_NO_COMMON_BLOCKS = YES;
				GCC_OPTIMIZATION_LEVEL = 0;
				GCC_PREPROCESSOR_DEFINITIONS = (
					"DEBUG=1",
					"$(inherited)",
				);
				GCC_WARN_64_TO_32_BIT_CONVERSION = YES;
				GCC_WARN_ABOUT_RETURN_TYPE = YES_ERROR;
				GCC_WARN_UNDECLARED_SELECTOR = YES;
				GCC_WARN_UNINITIALIZED_AUTOS = YES_AGGRESSIVE;
				GCC_WARN_UNUSED_FUNCTION = YES;
				GCC_WARN_UNUSED_VARIABLE = YES;
				IPHONEOS_DEPLOYMENT_TARGET = 11.0;
				MTL_ENABLE_DEBUG_INFO = YES;
				ONLY_ACTIVE_ARCH = YES;
				SDKROOT = iphoneos;
				SWIFT_ACTIVE_COMPILATION_CONDITIONS = DEBUG;
				SWIFT_OPTIMIZATION_LEVEL = "-Onone";
			};
			name = Debug;
		};
		CD28D0191F9E1F3C00C7BC8E /* Release */ = {
			isa = XCBuildConfiguration;
			buildSettings = {
				ALWAYS_SEARCH_USER_PATHS = NO;
				CLANG_ANALYZER_NONNULL = YES;
				CLANG_ANALYZER_NUMBER_OBJECT_CONVERSION = YES_AGGRESSIVE;
				CLANG_CXX_LANGUAGE_STANDARD = "gnu++14";
				CLANG_CXX_LIBRARY = "libc++";
				CLANG_ENABLE_MODULES = YES;
				CLANG_ENABLE_OBJC_ARC = YES;
				CLANG_WARN_BLOCK_CAPTURE_AUTORELEASING = YES;
				CLANG_WARN_BOOL_CONVERSION = YES;
				CLANG_WARN_COMMA = YES;
				CLANG_WARN_CONSTANT_CONVERSION = YES;
				CLANG_WARN_DIRECT_OBJC_ISA_USAGE = YES_ERROR;
				CLANG_WARN_DOCUMENTATION_COMMENTS = YES;
				CLANG_WARN_EMPTY_BODY = YES;
				CLANG_WARN_ENUM_CONVERSION = YES;
				CLANG_WARN_INFINITE_RECURSION = YES;
				CLANG_WARN_INT_CONVERSION = YES;
				CLANG_WARN_NON_LITERAL_NULL_CONVERSION = YES;
				CLANG_WARN_OBJC_LITERAL_CONVERSION = YES;
				CLANG_WARN_OBJC_ROOT_CLASS = YES_ERROR;
				CLANG_WARN_RANGE_LOOP_ANALYSIS = YES;
				CLANG_WARN_STRICT_PROTOTYPES = YES;
				CLANG_WARN_SUSPICIOUS_MOVE = YES;
				CLANG_WARN_UNGUARDED_AVAILABILITY = YES_AGGRESSIVE;
				CLANG_WARN_UNREACHABLE_CODE = YES;
				CLANG_WARN__DUPLICATE_METHOD_MATCH = YES;
				CODE_SIGN_IDENTITY = "iPhone Developer";
				COPY_PHASE_STRIP = NO;
				DEBUG_INFORMATION_FORMAT = "dwarf-with-dsym";
				ENABLE_NS_ASSERTIONS = NO;
				ENABLE_STRICT_OBJC_MSGSEND = YES;
				GCC_C_LANGUAGE_STANDARD = gnu11;
				GCC_NO_COMMON_BLOCKS = YES;
				GCC_WARN_64_TO_32_BIT_CONVERSION = YES;
				GCC_WARN_ABOUT_RETURN_TYPE = YES_ERROR;
				GCC_WARN_UNDECLARED_SELECTOR = YES;
				GCC_WARN_UNINITIALIZED_AUTOS = YES_AGGRESSIVE;
				GCC_WARN_UNUSED_FUNCTION = YES;
				GCC_WARN_UNUSED_VARIABLE = YES;
				IPHONEOS_DEPLOYMENT_TARGET = 11.0;
				MTL_ENABLE_DEBUG_INFO = NO;
				SDKROOT = iphoneos;
				SWIFT_OPTIMIZATION_LEVEL = "-Owholemodule";
				VALIDATE_PRODUCT = YES;
			};
			name = Release;
		};
		CD28D01B1F9E1F3C00C7BC8E /* Debug */ = {
			isa = XCBuildConfiguration;
			buildSettings = {
				ASSETCATALOG_COMPILER_APPICON_NAME = AppIcon;
				CODE_SIGN_STYLE = Automatic;
				INFOPLIST_FILE = MoneyConverter/Info.plist;
				LD_RUNPATH_SEARCH_PATHS = "$(inherited) @executable_path/Frameworks";
				PRODUCT_BUNDLE_IDENTIFIER = com.example.MoneyConverter;
				PRODUCT_NAME = "$(TARGET_NAME)";
				SWIFT_VERSION = 4.0;
				TARGETED_DEVICE_FAMILY = "1,2";
			};
			name = Debug;
		};
		CD28D01C1F9E1F3C00C7BC8E /* Release */ = {
			isa = XCBuildConfiguration;
			buildSettings = {
				ASSETCATALOG_COMPILER_APPICON_NAME = AppIcon;
				CODE_SIGN_STYLE = Automatic;
				INFOPLIST_FILE = MoneyConverter/Info.plist;
				LD_RUNPATH_SEARCH_PATHS = "$(inherited) @executable_path/Frameworks";
				PRODUCT_BUNDLE_IDENTIFIER = com.example.MoneyConverter;
				PRODUCT_NAME = "$(TARGET_NAME)";
				SWIFT_VERSION = 4.0;
				TARGETED_DEVICE_FAMILY = "1,2";
			};
			name = Release;
		};
/* End XCBuildConfiguration section */

/* Begin XCConfigurationList section */
		CD28D0031F9E1F3C00C7BC8E /* Build configuration list for PBXProject "MoneyConverter" */ = {
			isa = XCConfigurationList;
			buildConfigurations = (
				CD28D0181F9E1F3C00C7BC8E /* Debug */,
				CD28D0191F9E1F3C00C7BC8E /* Release */,
			);
			defaultConfigurationIsVisible = 0;
			defaultConfigurationName = Release;
		};
		CD28D01A1F9E1F3C00C7BC8E /* Build configuration list for PBXNativeTarget "MoneyConverter" */ = {
			isa = XCConfigurationList;
			buildConfigurations = (
				CD28D01B1F9E1F3C00C7BC8E /* Debug */,
				CD28D01C1F9E1F3C00C7BC8E /* Release */,
			);
			defaultConfigurationIsVisible = 0;
			defaultConfigurationName = Release;
		};
/* End XCConfigurationList section */
	};
	rootObject = CD28D0001F9E1F3C00C7BC8E /* Project object */;
}
